// !$*UTF8*$!
{
	archiveVersion = 1;
	classes = {
	};
	objectVersion = 77;
	objects = {

/* Begin PBXFileReference section */
		F40000000000000000000001 /* Vote4U.app */ = {isa = PBXFileReference; explicitFileType = wrapper.application; includeInIndex = 0; path = Vote4U.app; sourceTree = BUILT_PRODUCTS_DIR; };
		F40000000000000000000011 /* Vote4UTests.xctest */ = {isa = PBXFileReference; explicitFileType = wrapper.cfbundle; includeInIndex = 0; path = Vote4UTests.xctest; sourceTree = BUILT_PRODUCTS_DIR; };
		F40000000000000000000021 /* Vote4UUITests.xctest */ = {isa = PBXFileReference; explicitFileType = wrapper.cfbundle; includeInIndex = 0; path = Vote4UUITests.xctest; sourceTree = BUILT_PRODUCTS_DIR; };
/* End PBXFileReference section */

/* Begin PBXFileSystemSynchronizedRootGroup section */
		F40000000000000000000002 /* Vote4U */ = {isa = PBXFileSystemSynchronizedRootGroup; path = Vote4U; sourceTree = "<group>"; };
		F40000000000000000000012 /* Vote4UTests */ = {isa = PBXFileSystemSynchronizedRootGroup; path = Vote4UTests; sourceTree = "<group>"; };
		F40000000000000000000022 /* Vote4UUITests */ = {isa = PBXFileSystemSynchronizedRootGroup; path = Vote4UUITests; sourceTree = "<group>"; };
/* End PBXFileSystemSynchronizedRootGroup section */

/* Begin PBXFrameworksBuildPhase section */
		F40000000000000000000026 /* Frameworks */ = {
			isa = PBXFrameworksBuildPhase;
			buildActionMask = 2147483647;
			files = (
			);
			runOnlyForDeploymentPostprocessing = 0;
		};
		F40000000000000000000016 /* Frameworks */ = {
			isa = PBXFrameworksBuildPhase;
			buildActionMask = 2147483647;
			files = (
			);
			runOnlyForDeploymentPostprocessing = 0;
		};
		F40000000000000000000003 /* Frameworks */ = {
			isa = PBXFrameworksBuildPhase;
			buildActionMask = 2147483647;
			files = (
			);
			runOnlyForDeploymentPostprocessing = 0;
		};
/* End PBXFrameworksBuildPhase section */

/* Begin PBXGroup section */
		F40000000000000000000004 = {
			isa = PBXGroup;
			children = (
				F40000000000000000000002 /* Vote4U */,
				F40000000000000000000012 /* Vote4UTests */,
				F40000000000000000000022 /* Vote4UUITests */,
				F40000000000000000000005 /* Products */,
			);
			sourceTree = "<group>";
		};
		F40000000000000000000005 /* Products */ = {
			isa = PBXGroup;
			children = (
				F40000000000000000000001 /* Vote4U.app */,
				F40000000000000000000011 /* Vote4UTests.xctest */,
				F40000000000000000000021 /* Vote4UUITests.xctest */,
			);
			name = Products;
			sourceTree = "<group>";
		};
/* End PBXGroup section */

/* Begin PBXNativeTarget section */
		F40000000000000000000006 /* Vote4U */ = {
			isa = PBXNativeTarget;
			buildConfigurationList = F40000000000000000000007 /* Build configuration list for PBXNativeTarget "Vote4U" */;
			buildPhases = (
				F40000000000000000000008 /* Sources */,
				F40000000000000000000003 /* Frameworks */,
				F40000000000000000000009 /* Resources */,
			);
			buildRules = (
			);
			dependencies = (
			);
			fileSystemSynchronizedGroups = (
				F40000000000000000000002 /* Vote4U */,
			);
			name = Vote4U;
			packageProductDependencies = (
			);
			productName = Vote4U;
			productReference = F40000000000000000000001 /* Vote4U.app */;
			productType = "com.apple.product-type.application";
		};
		F40000000000000000000013 /* Vote4UTests */ = {
			isa = PBXNativeTarget;
			buildConfigurationList = F40000000000000000000014 /* Build configuration list for PBXNativeTarget "Vote4UTests" */;
			buildPhases = (
				F40000000000000000000015 /* Sources */,
				F40000000000000000000016 /* Frameworks */,
				F40000000000000000000017 /* Resources */,
			);
			buildRules = (
			);
			dependencies = (
				F40000000000000000000018 /* PBXTargetDependency */,
			);
			fileSystemSynchronizedGroups = (
				F40000000000000000000012 /* Vote4UTests */,
			);
			name = Vote4UTests;
			packageProductDependencies = (
			);
			productName = Vote4UTests;
			productReference = F40000000000000000000011 /* Vote4UTests.xctest */;
			productType = "com.apple.product-type.bundle.unit-test";
		};
		F40000000000000000000023 /* Vote4UUITests */ = {
			isa = PBXNativeTarget;
			buildConfigurationList = F40000000000000000000024 /* Build configuration list for PBXNativeTarget "Vote4UUITests" */;
			buildPhases = (
				F40000000000000000000025 /* Sources */,
				F40000000000000000000026 /* Frameworks */,
				F40000000000000000000027 /* Resources */,
			);
			buildRules = (
			);
			dependencies = (
				F40000000000000000000028 /* PBXTargetDependency */,
			);
			fileSystemSynchronizedGroups = (
				F40000000000000000000022 /* Vote4UUITests */,
			);
			name = Vote4UUITests;
			packageProductDependencies = (
			);
			productName = Vote4UUITests;
			productReference = F40000000000000000000021 /* Vote4UUITests.xctest */;
			productType = "com.apple.product-type.bundle.ui-testing";
		};
/* End PBXNativeTarget section */

/* Begin PBXTargetDependency section */
		F40000000000000000000018 /* PBXTargetDependency */ = {
			isa = PBXTargetDependency;
			target = F40000000000000000000006 /* Vote4U */;
			targetProxy = F40000000000000000000019 /* PBXContainerItemProxy */;
		};
		F40000000000000000000028 /* PBXTargetDependency */ = {
			isa = PBXTargetDependency;
			target = F40000000000000000000006 /* Vote4U */;
			targetProxy = F40000000000000000000029 /* PBXContainerItemProxy */;
		};
/* End PBXTargetDependency section */

/* Begin PBXContainerItemProxy section */
		F40000000000000000000019 /* PBXContainerItemProxy */ = {
			isa = PBXContainerItemProxy;
			containerPortal = F4000000000000000000000A /* Project object */;
			proxyType = 1;
			remoteGlobalIDString = F40000000000000000000006;
			remoteInfo = Vote4U;
		};
		F40000000000000000000029 /* PBXContainerItemProxy */ = {
			isa = PBXContainerItemProxy;
			containerPortal = F4000000000000000000000A /* Project object */;
			proxyType = 1;
			remoteGlobalIDString = F40000000000000000000006;
			remoteInfo = Vote4U;
		};
/* End PBXContainerItemProxy section */

/* Begin PBXProject section */
		F4000000000000000000000A /* Project object */ = {
			isa = PBXProject;
			attributes = {
				BuildIndependentTargetsInParallel = 1;
				LastSwiftUpdateCheck = 2700;
				LastUpgradeCheck = 2700;
				TargetAttributes = {
					F40000000000000000000006 = {
						CreatedOnToolsVersion = 27.0;
					};
				};
			};
			buildConfigurationList = F4000000000000000000000B /* Build configuration list for PBXProject "Vote4U" */;
			developmentRegion = en;
			hasScannedForEncodings = 0;
			knownRegions = (
				en,
				Base,
			);
			mainGroup = F40000000000000000000004;
			minimizedProjectReferenceProxies = 1;
			preferredProjectObjectVersion = 77;
			productRefGroup = F40000000000000000000005 /* Products */;
			projectDirPath = "";
			projectRoot = "";
			targets = (
				F40000000000000000000006 /* Vote4U */,
				F40000000000000000000013 /* Vote4UTests */,
				F40000000000000000000023 /* Vote4UUITests */,
			);
		};
/* End PBXProject section */

/* Begin PBXResourcesBuildPhase section */
		F40000000000000000000027 /* Resources */ = {
			isa = PBXResourcesBuildPhase;
			buildActionMask = 2147483647;
			files = (
			);
			runOnlyForDeploymentPostprocessing = 0;
		};
		F40000000000000000000017 /* Resources */ = {
			isa = PBXResourcesBuildPhase;
			buildActionMask = 2147483647;
			files = (
			);
			runOnlyForDeploymentPostprocessing = 0;
		};
		F40000000000000000000009 /* Resources */ = {
			isa = PBXResourcesBuildPhase;
			buildActionMask = 2147483647;
			files = (
			);
			runOnlyForDeploymentPostprocessing = 0;
		};
/* End PBXResourcesBuildPhase section */

/* Begin PBXSourcesBuildPhase section */
		F40000000000000000000025 /* Sources */ = {
			isa = PBXSourcesBuildPhase;
			buildActionMask = 2147483647;
			files = (
			);
			runOnlyForDeploymentPostprocessing = 0;
		};
		F40000000000000000000015 /* Sources */ = {
			isa = PBXSourcesBuildPhase;
			buildActionMask = 2147483647;
			files = (
			);
			runOnlyForDeploymentPostprocessing = 0;
		};
		F40000000000000000000008 /* Sources */ = {
			isa = PBXSourcesBuildPhase;
			buildActionMask = 2147483647;
			files = (
			);
			runOnlyForDeploymentPostprocessing = 0;
		};
/* End PBXSourcesBuildPhase section */

/* Begin XCBuildConfiguration section */
		F4000000000000000000000C /* Debug */ = {
			isa = XCBuildConfiguration;
			buildSettings = {
				ALWAYS_SEARCH_USER_PATHS = NO;
				ASSETCATALOG_COMPILER_GENERATE_SWIFT_ASSET_SYMBOL_EXTENSIONS = YES;
				CLANG_ANALYZER_NONNULL = YES;
				CLANG_ENABLE_MODULES = YES;
				CLANG_ENABLE_OBJC_ARC = YES;
				COPY_PHASE_STRIP = NO;
				DEBUG_INFORMATION_FORMAT = dwarf;
				ENABLE_STRICT_OBJC_MSGSEND = YES;
				ENABLE_TESTABILITY = YES;
				ENABLE_USER_SCRIPT_SANDBOXING = YES;
				GCC_C_LANGUAGE_STANDARD = gnu17;
				GCC_DYNAMIC_NO_PIC = NO;
				GCC_NO_COMMON_BLOCKS = YES;
				GCC_OPTIMIZATION_LEVEL = 0;
				GCC_PREPROCESSOR_DEFINITIONS = (
					"DEBUG=1",
					"$(inherited)",
				);
				IPHONEOS_DEPLOYMENT_TARGET = 17.0;
				MTL_ENABLE_DEBUG_INFO = INCLUDE_SOURCE;
				MTL_FAST_MATH = YES;
				ONLY_ACTIVE_ARCH = YES;
				SDKROOT = iphoneos;
				SWIFT_ACTIVE_COMPILATION_CONDITIONS = "DEBUG $(inherited)";
				SWIFT_OPTIMIZATION_LEVEL = "-Onone";
				SWIFT_VERSION = 5.0;
			};
			name = Debug;
		};
		F4000000000000000000000D /* Release */ = {
			isa = XCBuildConfiguration;
			buildSettings = {
				ALWAYS_SEARCH_USER_PATHS = NO;
				ASSETCATALOG_COMPILER_GENERATE_SWIFT_ASSET_SYMBOL_EXTENSIONS = YES;
				CLANG_ANALYZER_NONNULL = YES;
				CLANG_ENABLE_MODULES = YES;
				CLANG_ENABLE_OBJC_ARC = YES;
				COPY_PHASE_STRIP = NO;
				DEBUG_INFORMATION_FORMAT = "dwarf-with-dsym";
				ENABLE_NS_ASSERTIONS = NO;
				ENABLE_STRICT_OBJC_MSGSEND = YES;
				ENABLE_USER_SCRIPT_SANDBOXING = YES;
				GCC_C_LANGUAGE_STANDARD = gnu17;
				GCC_NO_COMMON_BLOCKS = YES;
				IPHONEOS_DEPLOYMENT_TARGET = 17.0;
				MTL_ENABLE_DEBUG_INFO = NO;
				MTL_FAST_MATH = YES;
				SDKROOT = iphoneos;
				SWIFT_COMPILATION_MODE = wholemodule;
				SWIFT_VERSION = 5.0;
				VALIDATE_PRODUCT = YES;
			};
			name = Release;
		};
		F4000000000000000000000E /* Debug */ = {
			isa = XCBuildConfiguration;
			buildSettings = {
				ASSETCATALOG_COMPILER_APPICON_NAME = AppIcon;
				ASSETCATALOG_COMPILER_GLOBAL_ACCENT_COLOR_NAME = AccentColor;
				CODE_SIGN_STYLE = Automatic;
				CURRENT_PROJECT_VERSION = 1;
				ENABLE_PREVIEWS = YES;
				GENERATE_INFOPLIST_FILE = YES;
				INFOPLIST_KEY_ITSAppUsesNonExemptEncryption = NO;
				INFOPLIST_KEY_NSLocationWhenInUseUsageDescription = "Vote4U uses your location only to find polling places near you. It is never stored or shared.";
				INFOPLIST_KEY_UILaunchScreen_Generation = YES;
				INFOPLIST_KEY_UISupportedInterfaceOrientations_iPhone = "UIInterfaceOrientationPortrait UIInterfaceOrientationLandscapeLeft UIInterfaceOrientationLandscapeRight";
				LD_RUNPATH_SEARCH_PATHS = (
					"$(inherited)",
					"@executable_path/Frameworks",
				);
				MARKETING_VERSION = 1.0;
				PRODUCT_BUNDLE_IDENTIFIER = com.shyamravidath.Vote4U;
				PRODUCT_NAME = "$(TARGET_NAME)";
				SWIFT_EMIT_LOC_STRINGS = YES;
				TARGETED_DEVICE_FAMILY = 1;
			};
			name = Debug;
		};
		F4000000000000000000000F /* Release */ = {
			isa = XCBuildConfiguration;
			buildSettings = {
				ASSETCATALOG_COMPILER_APPICON_NAME = AppIcon;
				ASSETCATALOG_COMPILER_GLOBAL_ACCENT_COLOR_NAME = AccentColor;
				CODE_SIGN_STYLE = Automatic;
				CURRENT_PROJECT_VERSION = 1;
				ENABLE_PREVIEWS = YES;
				GENERATE_INFOPLIST_FILE = YES;
				INFOPLIST_KEY_ITSAppUsesNonExemptEncryption = NO;
				INFOPLIST_KEY_NSLocationWhenInUseUsageDescription = "Vote4U uses your location only to find polling places near you. It is never stored or shared.";
				INFOPLIST_KEY_UILaunchScreen_Generation = YES;
				INFOPLIST_KEY_UISupportedInterfaceOrientations_iPhone = "UIInterfaceOrientationPortrait UIInterfaceOrientationLandscapeLeft UIInterfaceOrientationLandscapeRight";
				LD_RUNPATH_SEARCH_PATHS = (
					"$(inherited)",
					"@executable_path/Frameworks",
				);
				MARKETING_VERSION = 1.0;
				PRODUCT_BUNDLE_IDENTIFIER = com.shyamravidath.Vote4U;
				PRODUCT_NAME = "$(TARGET_NAME)";
				SWIFT_EMIT_LOC_STRINGS = YES;
				TARGETED_DEVICE_FAMILY = 1;
			};
			name = Release;
		};
		F4000000000000000000001A /* Debug */ = {
			isa = XCBuildConfiguration;
			buildSettings = {
				ALWAYS_EMBED_SWIFT_STANDARD_LIBRARIES = YES;
				BUNDLE_LOADER = "$(TEST_HOST)";
				CODE_SIGN_STYLE = Automatic;
				CURRENT_PROJECT_VERSION = 1;
				GENERATE_INFOPLIST_FILE = YES;
				MARKETING_VERSION = 1.0;
				PRODUCT_BUNDLE_IDENTIFIER = com.shyamravidath.Vote4UTests;
				PRODUCT_NAME = "$(TARGET_NAME)";
				SWIFT_EMIT_LOC_STRINGS = NO;
				TARGETED_DEVICE_FAMILY = 1;
				TEST_HOST = "$(BUILT_PRODUCTS_DIR)/Vote4U.app/$(BUNDLE_EXECUTABLE_FOLDER_PATH)/Vote4U";
			};
			name = Debug;
		};
		F4000000000000000000001B /* Release */ = {
			isa = XCBuildConfiguration;
			buildSettings = {
				ALWAYS_EMBED_SWIFT_STANDARD_LIBRARIES = YES;
				BUNDLE_LOADER = "$(TEST_HOST)";
				CODE_SIGN_STYLE = Automatic;
				CURRENT_PROJECT_VERSION = 1;
				GENERATE_INFOPLIST_FILE = YES;
				MARKETING_VERSION = 1.0;
				PRODUCT_BUNDLE_IDENTIFIER = com.shyamravidath.Vote4UTests;
				PRODUCT_NAME = "$(TARGET_NAME)";
				SWIFT_EMIT_LOC_STRINGS = NO;
				TARGETED_DEVICE_FAMILY = 1;
				TEST_HOST = "$(BUILT_PRODUCTS_DIR)/Vote4U.app/$(BUNDLE_EXECUTABLE_FOLDER_PATH)/Vote4U";
			};
			name = Release;
		};
		F4000000000000000000002A /* Debug */ = {
			isa = XCBuildConfiguration;
			buildSettings = {
				CODE_SIGN_STYLE = Automatic;
				CURRENT_PROJECT_VERSION = 1;
				GENERATE_INFOPLIST_FILE = YES;
				MARKETING_VERSION = 1.0;
				PRODUCT_BUNDLE_IDENTIFIER = com.shyamravidath.Vote4UUITests;
				PRODUCT_NAME = "$(TARGET_NAME)";
				SWIFT_EMIT_LOC_STRINGS = NO;
				TARGETED_DEVICE_FAMILY = 1;
				TEST_TARGET_NAME = Vote4U;
			};
			name = Debug;
		};
		F4000000000000000000002B /* Release */ = {
			isa = XCBuildConfiguration;
			buildSettings = {
				CODE_SIGN_STYLE = Automatic;
				CURRENT_PROJECT_VERSION = 1;
				GENERATE_INFOPLIST_FILE = YES;
				MARKETING_VERSION = 1.0;
				PRODUCT_BUNDLE_IDENTIFIER = com.shyamravidath.Vote4UUITests;
				PRODUCT_NAME = "$(TARGET_NAME)";
				SWIFT_EMIT_LOC_STRINGS = NO;
				TARGETED_DEVICE_FAMILY = 1;
				TEST_TARGET_NAME = Vote4U;
			};
			name = Release;
		};
/* End XCBuildConfiguration section */

/* Begin XCConfigurationList section */
		F40000000000000000000007 /* Build configuration list for PBXNativeTarget "Vote4U" */ = {
			isa = XCConfigurationList;
			buildConfigurations = (
				F4000000000000000000000E /* Debug */,
				F4000000000000000000000F /* Release */,
			);
			defaultConfigurationIsVisible = 0;
			defaultConfigurationName = Release;
		};
		F4000000000000000000000B /* Build configuration list for PBXProject "Vote4U" */ = {
			isa = XCConfigurationList;
			buildConfigurations = (
				F4000000000000000000000C /* Debug */,
				F4000000000000000000000D /* Release */,
			);
			defaultConfigurationIsVisible = 0;
			defaultConfigurationName = Release;
		};
		F40000000000000000000014 /* Build configuration list for PBXNativeTarget "Vote4UTests" */ = {
			isa = XCConfigurationList;
			buildConfigurations = (
				F4000000000000000000001A /* Debug */,
				F4000000000000000000001B /* Release */,
			);
			defaultConfigurationIsVisible = 0;
			defaultConfigurationName = Release;
		};
		F40000000000000000000024 /* Build configuration list for PBXNativeTarget "Vote4UUITests" */ = {
			isa = XCConfigurationList;
			buildConfigurations = (
				F4000000000000000000002A /* Debug */,
				F4000000000000000000002B /* Release */,
			);
			defaultConfigurationIsVisible = 0;
			defaultConfigurationName = Release;
		};
/* End XCConfigurationList section */
	};
	rootObject = F4000000000000000000000A /* Project object */;
}
